
Microsoft Visual Studio Solution File, Format Version 12.00
# Visual Studio Version 17
VisualStudioVersion = 17.9.34728.123
MinimumVisualStudioVersion = 10.0.40219.1
Project("{FAE04EC0-301F-11D3-BF4B-00C04F79EFBC}") = "TestApp", "TestApp\TestApp.csproj", "{92284AF5-896D-4D36-A121-1F88E0160540}"
EndProject
Global
	GlobalSection(SolutionConfigurationPlatforms) = preSolution
		Debug|Any CPU = Debug|Any CPU
		Release|Any CPU = Release|Any CPU
	EndGlobalSection
	GlobalSection(ProjectConfigurationPlatforms) = postSolution
		{92284AF5-896D-4D36-A121-1F88E0160540}.Debug|Any CPU.ActiveCfg = Debug|Any CPU
		{92284AF5-896D-4D36-A121-1F88E0160540}.Debug|Any CPU.Build.0 = Debug|Any CPU
		{92284AF5-896D-4D36-A121-1F88E0160540}.Release|Any CPU.ActiveCfg = Release|Any CPU
		{92284AF5-896D-4D36-A121-1F88E0160540}.Release|Any CPU.Build.0 = Release|Any CPU
	EndGlobalSection
	GlobalSection(SolutionProperties) = preSolution
		HideSolutionNode = FALSE
	EndGlobalSection
	GlobalSection(ExtensibilityGlobals) = postSolution
		SolutionGuid = {62D3671A-FF59-4633-B207-0E5E83C9C6E4}
	EndGlobalSection
EndGlobal
